// !$*UTF8*$!
{
	archiveVersion = 1;
	classes = {
	};
	objectVersion = 60;
	objects = {

/* Begin PBXBuildFile section */
		1F4C8CB62A8C4D25008B1234 /* MomentApp.swift in Sources */ = {isa = PBXBuildFile; fileRef = 1F4C8CB52A8C4D25008B1234 /* MomentApp.swift */; };
		1F4C8CB82A8C4D25008B1234 /* CaptureView.swift in Sources */ = {isa = PBXBuildFile; fileRef = 1F4C8CB72A8C4D25008B1234 /* CaptureView.swift */; };
		1F4C8CBA2A8C4D25008B1234 /* CaptureViewModel.swift in Sources */ = {isa = PBXBuildFile; fileRef = 1F4C8CB92A8C4D25008B1234 /* CaptureViewModel.swift */; };
		1F4C8CBE2A8C4D25008B1234 /* RecordingStore.swift in Sources */ = {isa = PBXBuildFile; fileRef = 1F4C8CBD2A8C4D25008B1234 /* RecordingStore.swift */; };
		1F4C8CC02A8C4D25008B1234 /* PlaybackManager.swift in Sources */ = {isa = PBXBuildFile; fileRef = 1F4C8CBF2A8C4D25008B1234 /* PlaybackManager.swift */; };
		1F4C8CC22A8C4D25008B1234 /* RepositoryView.swift in Sources */ = {isa = PBXBuildFile; fileRef = 1F4C8CC12A8C4D25008B1234 /* RepositoryView.swift */; };
		1F4C8CC42A8C4D25008B1234 /* Recording.swift in Sources */ = {isa = PBXBuildFile; fileRef = 1F4C8CBB2A8C4D25008B1234 /* Recording.swift */; };
		1F4C8CC72A8C4D25008B1234 /* Assets.xcassets in Resources */ = {isa = PBXBuildFile; fileRef = 1F4C8CC62A8C4D25008B1234 /* Assets.xcassets */; };
		1F4C8CC82A8C4D25008B1234 /* Formatters.swift in Sources */ = {isa = PBXBuildFile; fileRef = 1F4C8CC32A8C4D25008B1234 /* Formatters.swift */; };
		1F4C8CC92A8C4D25008B1234 /* TextNote.swift in Sources */ = {isa = PBXBuildFile; fileRef = 1F4C8CCA2A8C4D25008B1234 /* TextNote.swift */; };
		1F4C8CCB2A8C4D25008B1234 /* TextEditorView.swift in Sources */ = {isa = PBXBuildFile; fileRef = 1F4C8CCC2A8C4D25008B1234 /* TextEditorView.swift */; };
		1F4C8CCD2A8C4D25008B1234 /* TextNotesView.swift in Sources */ = {isa = PBXBuildFile; fileRef = 1F4C8CCE2A8C4D25008B1234 /* TextNotesView.swift */; };
		B10D03C82C0E4B8200E4A4BD /* TextEditorRecorderViewModel.swift in Sources */ = {isa = PBXBuildFile; fileRef = B10D03C72C0E4B8200E4A4BD /* TextEditorRecorderViewModel.swift */; };
		B10D03CA2C0E4BA100E4A4BD /* AssemblyAITranscriptionService.swift in Sources */ = {isa = PBXBuildFile; fileRef = B10D03C92C0E4BA100E4A4BD /* AssemblyAITranscriptionService.swift */; };
/* End PBXBuildFile section */

/* Begin PBXFileReference section */
		1F4C8CA82A8C4D25008B1234 /* Moment.app */ = {isa = PBXFileReference; explicitFileType = wrapper.application; includeInIndex = 0; path = Moment.app; sourceTree = BUILT_PRODUCTS_DIR; };
		1F4C8CB52A8C4D25008B1234 /* MomentApp.swift */ = {isa = PBXFileReference; lastKnownFileType = sourcecode.swift; path = MomentApp.swift; sourceTree = "<group>"; };
		1F4C8CB72A8C4D25008B1234 /* CaptureView.swift */ = {isa = PBXFileReference; lastKnownFileType = sourcecode.swift; path = CaptureView.swift; sourceTree = "<group>"; };
		1F4C8CB92A8C4D25008B1234 /* CaptureViewModel.swift */ = {isa = PBXFileReference; lastKnownFileType = sourcecode.swift; path = CaptureViewModel.swift; sourceTree = "<group>"; };
		1F4C8CBB2A8C4D25008B1234 /* Recording.swift */ = {isa = PBXFileReference; lastKnownFileType = sourcecode.swift; path = Recording.swift; sourceTree = "<group>"; };
		1F4C8CBD2A8C4D25008B1234 /* RecordingStore.swift */ = {isa = PBXFileReference; lastKnownFileType = sourcecode.swift; path = RecordingStore.swift; sourceTree = "<group>"; };
		1F4C8CBF2A8C4D25008B1234 /* PlaybackManager.swift */ = {isa = PBXFileReference; lastKnownFileType = sourcecode.swift; path = PlaybackManager.swift; sourceTree = "<group>"; };
		1F4C8CC12A8C4D25008B1234 /* RepositoryView.swift */ = {isa = PBXFileReference; lastKnownFileType = sourcecode.swift; path = RepositoryView.swift; sourceTree = "<group>"; };
		1F4C8CC32A8C4D25008B1234 /* Formatters.swift */ = {isa = PBXFileReference; lastKnownFileType = sourcecode.swift; path = Formatters.swift; sourceTree = "<group>"; };
		1F4C8CC52A8C4D25008B1234 /* Info.plist */ = {isa = PBXFileReference; lastKnownFileType = text.plist.xml; path = Info.plist; sourceTree = "<group>"; };
		1F4C8CC62A8C4D25008B1234 /* Assets.xcassets */ = {isa = PBXFileReference; lastKnownFileType = folder.assetcatalog; path = Assets.xcassets; sourceTree = "<group>"; };
		1F4C8CCA2A8C4D25008B1234 /* TextNote.swift */ = {isa = PBXFileReference; lastKnownFileType = sourcecode.swift; path = TextNote.swift; sourceTree = "<group>"; };
		1F4C8CCC2A8C4D25008B1234 /* TextEditorView.swift */ = {isa = PBXFileReference; lastKnownFileType = sourcecode.swift; path = TextEditorView.swift; sourceTree = "<group>"; };
		1F4C8CCE2A8C4D25008B1234 /* TextNotesView.swift */ = {isa = PBXFileReference; lastKnownFileType = sourcecode.swift; path = TextNotesView.swift; sourceTree = "<group>"; };
		B10D03C72C0E4B8200E4A4BD /* TextEditorRecorderViewModel.swift */ = {isa = PBXFileReference; lastKnownFileType = sourcecode.swift; path = TextEditorRecorderViewModel.swift; sourceTree = "<group>"; };
		B10D03C92C0E4BA100E4A4BD /* AssemblyAITranscriptionService.swift */ = {isa = PBXFileReference; lastKnownFileType = sourcecode.swift; path = AssemblyAITranscriptionService.swift; sourceTree = "<group>"; };
/* End PBXFileReference section */

/* Begin PBXFrameworksBuildPhase section */
		1F4C8CC02A8C4D25008B2234 /* Frameworks */ = {
			isa = PBXFrameworksBuildPhase;
			buildActionMask = 2147483647;
			files = (
			);
			runOnlyForDeploymentPostprocessing = 0;
		};
/* End PBXFrameworksBuildPhase section */

/* Begin PBXGroup section */
		1F4C8CA02A8C4D25008B1234 = {
			isa = PBXGroup;
			children = (
				1F4C8CA22A8C4D25008B1234 /* Moment */,
				1F4C8CA12A8C4D25008B1234 /* Products */,
			);
			sourceTree = "<group>";
		};
		1F4C8CA12A8C4D25008B1234 /* Products */ = {
			isa = PBXGroup;
			children = (
				1F4C8CA82A8C4D25008B1234 /* Moment.app */,
			);
			name = Products;
			sourceTree = "<group>";
		};
		1F4C8CA22A8C4D25008B1234 /* Moment */ = {
			isa = PBXGroup;
			children = (
				1F4C8CB52A8C4D25008B1234 /* MomentApp.swift */,
				1F4C8CB72A8C4D25008B1234 /* CaptureView.swift */,
				1F4C8CB92A8C4D25008B1234 /* CaptureViewModel.swift */,
				1F4C8CBB2A8C4D25008B1234 /* Recording.swift */,
				1F4C8CBD2A8C4D25008B1234 /* RecordingStore.swift */,
				1F4C8CBF2A8C4D25008B1234 /* PlaybackManager.swift */,
				1F4C8CC12A8C4D25008B1234 /* RepositoryView.swift */,
				1F4C8CCA2A8C4D25008B1234 /* TextNote.swift */,
				1F4C8CCC2A8C4D25008B1234 /* TextEditorView.swift */,
				1F4C8CCE2A8C4D25008B1234 /* TextNotesView.swift */,
				1F4C8CC32A8C4D25008B1234 /* Formatters.swift */,
				B10D03C72C0E4B8200E4A4BD /* TextEditorRecorderViewModel.swift */,
				B10D03C92C0E4BA100E4A4BD /* AssemblyAITranscriptionService.swift */,
				1F4C8CA32A8C4D25008B1234 /* Resources */,
				1F4C8CC52A8C4D25008B1234 /* Info.plist */,
			);
			path = Moment;
			sourceTree = "<group>";
		};
		1F4C8CA32A8C4D25008B1234 /* Resources */ = {
			isa = PBXGroup;
			children = (
				1F4C8CC62A8C4D25008B1234 /* Assets.xcassets */,
			);
			name = Resources;
			sourceTree = "<group>";
		};
/* End PBXGroup section */

/* Begin PBXNativeTarget section */
		1F4C8CB12A8C4D25008B1234 /* Moment */ = {
			isa = PBXNativeTarget;
			buildConfigurationList = 1F4C8CB22A8C4D25008B1234 /* Build configuration list for PBXNativeTarget "Moment" */;
			buildPhases = (
				1F4C8CBF2A8C4D25008B2234 /* Sources */,
				1F4C8CC12A8C4D25008B2234 /* Resources */,
				1F4C8CC02A8C4D25008B2234 /* Frameworks */,
			);
			buildRules = (
			);
			dependencies = (
			);
			name = Moment;
			productName = Moment;
			productReference = 1F4C8CA82A8C4D25008B1234 /* Moment.app */;
			productType = "com.apple.product-type.application";
		};
/* End PBXNativeTarget section */

/* Begin PBXProject section */
		1F4C8C9B2A8C4D25008B1234 /* Project object */ = {
			isa = PBXProject;
			attributes = {
				LastSwiftUpdateCheck = 1510;
				LastUpgradeCheck = 1510;
				TargetAttributes = {
					1F4C8CB12A8C4D25008B1234 = {
						CreatedOnToolsVersion = 15.1;
					};
				};
			};
			buildConfigurationList = 1F4C8C9C2A8C4D25008B1234 /* Build configuration list for PBXProject "Moment" */;
			compatibilityVersion = "Xcode 15.0";
			developmentRegion = en;
			hasScannedForEncodings = 0;
			knownRegions = (
				en,
				Base,
			);
			mainGroup = 1F4C8CA02A8C4D25008B1234;
			productRefGroup = 1F4C8CA12A8C4D25008B1234 /* Products */;
			projectDirPath = "";
			projectRoot = "";
			targets = (
				1F4C8CB12A8C4D25008B1234 /* Moment */,
			);
		};
/* End PBXProject section */

/* Begin PBXResourcesBuildPhase section */
		1F4C8CC12A8C4D25008B2234 /* Resources */ = {
			isa = PBXResourcesBuildPhase;
			buildActionMask = 2147483647;
			files = (
				1F4C8CC72A8C4D25008B1234 /* Assets.xcassets in Resources */,
			);
			runOnlyForDeploymentPostprocessing = 0;
		};
/* End PBXResourcesBuildPhase section */

/* Begin PBXSourcesBuildPhase section */
		1F4C8CBF2A8C4D25008B2234 /* Sources */ = {
			isa = PBXSourcesBuildPhase;
			buildActionMask = 2147483647;
			files = (
				1F4C8CC82A8C4D25008B1234 /* Formatters.swift in Sources */,
				1F4C8CC22A8C4D25008B1234 /* RepositoryView.swift in Sources */,
				1F4C8CB82A8C4D25008B1234 /* CaptureView.swift in Sources */,
				1F4C8CB62A8C4D25008B1234 /* MomentApp.swift in Sources */,
				1F4C8CBA2A8C4D25008B1234 /* CaptureViewModel.swift in Sources */,
				1F4C8CC02A8C4D25008B1234 /* PlaybackManager.swift in Sources */,
				1F4C8CBE2A8C4D25008B1234 /* RecordingStore.swift in Sources */,
				1F4C8CC42A8C4D25008B1234 /* Recording.swift in Sources */,
				1F4C8CC92A8C4D25008B1234 /* TextNote.swift in Sources */,
				1F4C8CCB2A8C4D25008B1234 /* TextEditorView.swift in Sources */,
				1F4C8CCD2A8C4D25008B1234 /* TextNotesView.swift in Sources */,
				B10D03CA2C0E4BA100E4A4BD /* AssemblyAITranscriptionService.swift in Sources */,
				B10D03C82C0E4B8200E4A4BD /* TextEditorRecorderViewModel.swift in Sources */,
			);
			runOnlyForDeploymentPostprocessing = 0;
		};
/* End PBXSourcesBuildPhase section */

/* Begin XCBuildConfiguration section */
		1F4C8C9D2A8C4D25008B1234 /* Debug */ = {
			isa = XCBuildConfiguration;
			buildSettings = {
				ALWAYS_SEARCH_USER_PATHS = NO;
				CLANG_ANALYZER_NONNULL = YES;
				CLANG_ANALYZER_NUMBER_OBJECT_CONVERSION = YES_AGGRESSIVE;
				CLANG_CXX_LANGUAGE_STANDARD = "gnu++20";
				CLANG_ENABLE_MODULES = YES;
				CLANG_ENABLE_OBJC_ARC = YES;
				CLANG_WARN_BLOCK_CAPTURE_AUTORELEASING = YES;
				CLANG_WARN_BOOL_CONVERSION = YES;
				CLANG_WARN_COMMA = YES;
				CLANG_WARN_CONSTANT_CONVERSION = YES;
				CLANG_WARN_DEPRECATED_OBJC_IMPLEMENTATIONS = YES;
				CLANG_WARN_DIRECT_OBJC_ISA_USAGE = YES_ERROR;
				CLANG_WARN_DOCUMENTATION_COMMENTS = YES;
				CLANG_WARN_EMPTY_BODY = YES;
				CLANG_WARN_ENUM_CONVERSION = YES;
				CLANG_WARN_INFINITE_RECURSION = YES;
				CLANG_WARN_INT_CONVERSION = YES;
				CLANG_WARN_NON_LITERAL_NULL_CONVERSION = YES;
				CLANG_WARN_OBJC_IMPLICIT_RETAIN_SELF = YES;
				CLANG_WARN_OBJC_LITERAL_CONVERSION = YES;
				CLANG_WARN_OBJC_ROOT_CLASS = YES_ERROR;
				CLANG_WARN_QUOTED_INCLUDE_IN_FRAMEWORK_HEADER = YES;
				CLANG_WARN_RANGE_LOOP_ANALYSIS = YES;
				CLANG_WARN_STRICT_PROTOTYPES = YES;
				CLANG_WARN_SUSPICIOUS_MOVE = YES;
				CLANG_WARN_UNGUARDED_AVAILABILITY = YES_AGGRESSIVE;
				COPY_PHASE_STRIP = NO;
				DEBUG_INFORMATION_FORMAT = dwarf;
				ENABLE_STRICT_OBJC_MSGSEND = YES;
				ENABLE_TESTABILITY = YES;
				GCC_C_LANGUAGE_STANDARD = gnu17;
				GCC_DYNAMIC_NO_PIC = NO;
				GCC_NO_COMMON_BLOCKS = YES;
				GCC_OPTIMIZATION_LEVEL = 0;
				GCC_PREPROCESSOR_DEFINITIONS = (
					"DEBUG=1",
					"$(inherited)",
				);
				GCC_WARN_64_TO_32_BIT_CONVERSION = YES;
				GCC_WARN_ABOUT_RETURN_TYPE = YES_ERROR;
				GCC_WARN_UNDECLARED_SELECTOR = YES;
				GCC_WARN_UNINITIALIZED_AUTOS = YES_AGGRESSIVE;
				GCC_WARN_UNUSED_FUNCTION = YES;
				GCC_WARN_UNUSED_VARIABLE = YES;
				IPHONEOS_DEPLOYMENT_TARGET = 17.0;
				MTL_ENABLE_DEBUG_INFO = INCLUDE_SOURCE;
				ONLY_ACTIVE_ARCH = YES;
				SDKROOT = iphoneos;
			};
			name = Debug;
		};
		1F4C8C9E2A8C4D25008B1234 /* Release */ = {
			isa = XCBuildConfiguration;
			buildSettings = {
				ALWAYS_SEARCH_USER_PATHS = NO;
				CLANG_ANALYZER_NONNULL = YES;
				CLANG_ANALYZER_NUMBER_OBJECT_CONVERSION = YES_AGGRESSIVE;
				CLANG_CXX_LANGUAGE_STANDARD = "gnu++20";
				CLANG_ENABLE_MODULES = YES;
				CLANG_ENABLE_OBJC_ARC = YES;
				CLANG_WARN_BLOCK_CAPTURE_AUTORELEASING = YES;
				CLANG_WARN_BOOL_CONVERSION = YES;
				CLANG_WARN_COMMA = YES;
				CLANG_WARN_CONSTANT_CONVERSION = YES;
				CLANG_WARN_DEPRECATED_OBJC_IMPLEMENTATIONS = YES;
				CLANG_WARN_DIRECT_OBJC_ISA_USAGE = YES_ERROR;
				CLANG_WARN_DOCUMENTATION_COMMENTS = YES;
				CLANG_WARN_EMPTY_BODY = YES;
				CLANG_WARN_ENUM_CONVERSION = YES;
				CLANG_WARN_INFINITE_RECURSION = YES;
				CLANG_WARN_INT_CONVERSION = YES;
				CLANG_WARN_NON_LITERAL_NULL_CONVERSION = YES;
				CLANG_WARN_OBJC_IMPLICIT_RETAIN_SELF = YES;
				CLANG_WARN_OBJC_LITERAL_CONVERSION = YES;
				CLANG_WARN_OBJC_ROOT_CLASS = YES_ERROR;
				CLANG_WARN_QUOTED_INCLUDE_IN_FRAMEWORK_HEADER = YES;
				CLANG_WARN_RANGE_LOOP_ANALYSIS = YES;
				CLANG_WARN_STRICT_PROTOTYPES = YES;
				CLANG_WARN_SUSPICIOUS_MOVE = YES;
				CLANG_WARN_UNGUARDED_AVAILABILITY = YES_AGGRESSIVE;
				COPY_PHASE_STRIP = NO;
				DEBUG_INFORMATION_FORMAT = "dwarf-with-dsym";
				ENABLE_NS_ASSERTIONS = NO;
				ENABLE_STRICT_OBJC_MSGSEND = YES;
				GCC_C_LANGUAGE_STANDARD = gnu17;
				GCC_NO_COMMON_BLOCKS = YES;
				GCC_WARN_64_TO_32_BIT_CONVERSION = YES;
				GCC_WARN_ABOUT_RETURN_TYPE = YES_ERROR;
				GCC_WARN_UNDECLARED_SELECTOR = YES;
				GCC_WARN_UNINITIALIZED_AUTOS = YES_AGGRESSIVE;
				GCC_WARN_UNUSED_FUNCTION = YES;
				GCC_WARN_UNUSED_VARIABLE = YES;
				IPHONEOS_DEPLOYMENT_TARGET = 17.0;
				MTL_ENABLE_DEBUG_INFO = NO;
				SDKROOT = iphoneos;
				VALIDATE_PRODUCT = YES;
			};
			name = Release;
		};
		1F4C8CB32A8C4D25008B1234 /* Debug */ = {
			isa = XCBuildConfiguration;
			buildSettings = {
				ASSETCATALOG_COMPILER_APPICON_NAME = AppIcon;
				ASSETCATALOG_COMPILER_GLOBAL_ACCENT_COLOR_NAME = AccentColor;
				CODE_SIGN_STYLE = Automatic;
				CURRENT_PROJECT_VERSION = 1;
				DEVELOPMENT_TEAM = BRBXCQ4A8S;
				GENERATE_INFOPLIST_FILE = NO;
				INFOPLIST_FILE = Moment/Info.plist;
				INFOPLIST_KEY_UIApplicationSceneManifest_Generation = YES;
				INFOPLIST_KEY_UIApplicationSupportsIndirectInputEvents = YES;
				INFOPLIST_KEY_UILaunchScreen_Generation = YES;
				IPHONEOS_DEPLOYMENT_TARGET = 17.0;
				LD_RUNPATH_SEARCH_PATHS = (
					"$(inherited)",
					"@executable_path/Frameworks",
				);
				MARKETING_VERSION = 1.0;
				PRODUCT_BUNDLE_IDENTIFIER = com.chenyuan.moment;
				PRODUCT_NAME = "$(TARGET_NAME)";
				SDKROOT = iphoneos;
				SUPPORTED_PLATFORMS = "iphonesimulator iphoneos";
				SWIFT_EMIT_LOC_STRINGS = YES;
				SWIFT_VERSION = 5.0;
				TARGETED_DEVICE_FAMILY = 1;
			};
			name = Debug;
		};
		1F4C8CB42A8C4D25008B1234 /* Release */ = {
			isa = XCBuildConfiguration;
			buildSettings = {
				ASSETCATALOG_COMPILER_APPICON_NAME = AppIcon;
				ASSETCATALOG_COMPILER_GLOBAL_ACCENT_COLOR_NAME = AccentColor;
				CODE_SIGN_STYLE = Automatic;
				CURRENT_PROJECT_VERSION = 1;
				DEVELOPMENT_TEAM = BRBXCQ4A8S;
				GENERATE_INFOPLIST_FILE = NO;
				INFOPLIST_FILE = Moment/Info.plist;
				INFOPLIST_KEY_UIApplicationSceneManifest_Generation = YES;
				INFOPLIST_KEY_UIApplicationSupportsIndirectInputEvents = YES;
				INFOPLIST_KEY_UILaunchScreen_Generation = YES;
				IPHONEOS_DEPLOYMENT_TARGET = 17.0;
				LD_RUNPATH_SEARCH_PATHS = (
					"$(inherited)",
					"@executable_path/Frameworks",
				);
				MARKETING_VERSION = 1.0;
				PRODUCT_BUNDLE_IDENTIFIER = com.chenyuan.moment;
				PRODUCT_NAME = "$(TARGET_NAME)";
				SDKROOT = iphoneos;
				SUPPORTED_PLATFORMS = "iphonesimulator iphoneos";
				SWIFT_EMIT_LOC_STRINGS = YES;
				SWIFT_VERSION = 5.0;
				TARGETED_DEVICE_FAMILY = 1;
			};
			name = Release;
		};
/* End XCBuildConfiguration section */

/* Begin XCConfigurationList section */
		1F4C8C9C2A8C4D25008B1234 /* Build configuration list for PBXProject "Moment" */ = {
			isa = XCConfigurationList;
			buildConfigurations = (
				1F4C8C9D2A8C4D25008B1234 /* Debug */,
				1F4C8C9E2A8C4D25008B1234 /* Release */,
			);
			defaultConfigurationIsVisible = 0;
			defaultConfigurationName = Release;
		};
		1F4C8CB22A8C4D25008B1234 /* Build configuration list for PBXNativeTarget "Moment" */ = {
			isa = XCConfigurationList;
			buildConfigurations = (
				1F4C8CB32A8C4D25008B1234 /* Debug */,
				1F4C8CB42A8C4D25008B1234 /* Release */,
			);
			defaultConfigurationIsVisible = 0;
			defaultConfigurationName = Release;
		};
/* End XCConfigurationList section */
	};
	rootObject = 1F4C8C9B2A8C4D25008B1234 /* Project object */;
}
